
Microsoft Visual Studio Solution File, Format Version 12.00
# Visual Studio Version 16
VisualStudioVersion = 16.0.31515.178
MinimumVisualStudioVersion = 10.0.40219.1
Project("{FAE04EC0-301F-11D3-BF4B-00C04F79EFBC}") = "Wk2Lab2 - Temperature Conversion Introduction", "Wk2Lab2 - Temperature Conversion Introduction.csproj", "{9A10955B-E30C-44C1-8FCC-7098F325A0E7}"
EndProject
Global
	GlobalSection(SolutionConfigurationPlatforms) = preSolution
		Debug|Any CPU = Debug|Any CPU
		Release|Any CPU = Release|Any CPU
	EndGlobalSection
	GlobalSection(ProjectConfigurationPlatforms) = postSolution
		{9A10955B-E30C-44C1-8FCC-7098F325A0E7}.Debug|Any CPU.ActiveCfg = Debug|Any CPU
		{9A10955B-E30C-44C1-8FCC-7098F325A0E7}.Debug|Any CPU.Build.0 = Debug|Any CPU
		{9A10955B-E30C-44C1-8FCC-7098F325A0E7}.Release|Any CPU.ActiveCfg = Release|Any CPU
		{9A10955B-E30C-44C1-8FCC-7098F325A0E7}.Release|Any CPU.Build.0 = Release|Any CPU
	EndGlobalSection
	GlobalSection(SolutionProperties) = preSolution
		HideSolutionNode = FALSE
	EndGlobalSection
	GlobalSection(ExtensibilityGlobals) = postSolution
		SolutionGuid = {5CA7E624-FBAE-404B-82FA-2F8BAECE1E00}
	EndGlobalSection
EndGlobal
